
Microsoft Visual Studio Solution File, Format Version 12.00
# Visual Studio Version 17
VisualStudioVersion = 17.6.33829.357
MinimumVisualStudioVersion = 10.0.40219.1
Project("{9A19103F-16F7-4668-BE54-9A1E7A4F7556}") = "XP-Rest-API", "XP-Rest-API.csproj", "{54C0B112-B5B2-4099-86CE-C04A8EA6077C}"
EndProject
Project("{FAE04EC0-301F-11D3-BF4B-00C04F79EFBC}") = "Tests", "..\Tests\Tests.csproj", "{B92FA828-3EAB-4EBB-8760-07AD4AF20FEB}"
EndProject
Global
	GlobalSection(SolutionConfigurationPlatforms) = preSolution
		Debug|Any CPU = Debug|Any CPU
		Release|Any CPU = Release|Any CPU
	EndGlobalSection
	GlobalSection(ProjectConfigurationPlatforms) = postSolution
		{54C0B112-B5B2-4099-86CE-C04A8EA6077C}.Debug|Any CPU.ActiveCfg = Debug|Any CPU
		{54C0B112-B5B2-4099-86CE-C04A8EA6077C}.Debug|Any CPU.Build.0 = Debug|Any CPU
		{54C0B112-B5B2-4099-86CE-C04A8EA6077C}.Release|Any CPU.ActiveCfg = Release|Any CPU
		{54C0B112-B5B2-4099-86CE-C04A8EA6077C}.Release|Any CPU.Build.0 = Release|Any CPU
		{B92FA828-3EAB-4EBB-8760-07AD4AF20FEB}.Debug|Any CPU.ActiveCfg = Debug|Any CPU
		{B92FA828-3EAB-4EBB-8760-07AD4AF20FEB}.Debug|Any CPU.Build.0 = Debug|Any CPU
		{B92FA828-3EAB-4EBB-8760-07AD4AF20FEB}.Release|Any CPU.ActiveCfg = Release|Any CPU
		{B92FA828-3EAB-4EBB-8760-07AD4AF20FEB}.Release|Any CPU.Build.0 = Release|Any CPU
	EndGlobalSection
	GlobalSection(SolutionProperties) = preSolution
		HideSolutionNode = FALSE
	EndGlobalSection
	GlobalSection(ExtensibilityGlobals) = postSolution
		SolutionGuid = {60FA93EB-727C-4CB2-9543-04D9BA974390}
	EndGlobalSection
EndGlobal
